
Microsoft Visual Studio Solution File, Format Version 12.00
# Visual Studio Version 17
VisualStudioVersion = 17.9.34622.214
MinimumVisualStudioVersion = 10.0.40219.1
Project("{2150E333-8FDC-42A3-9474-1A3956D46DE8}") = "src", "src", "{BBD19C24-F07F-42D3-851C-8B91E7B75286}"
EndProject
Project("{2150E333-8FDC-42A3-9474-1A3956D46DE8}") = "1-Presentation", "1-Presentation", "{4565EDFA-4CB3-45CA-BAF0-F487FA5150B6}"
EndProject
Project("{2150E333-8FDC-42A3-9474-1A3956D46DE8}") = "1.1-API", "1.1-API", "{B100D690-0966-4CB3-8040-C416B207A7BA}"
EndProject
Project("{2150E333-8FDC-42A3-9474-1A3956D46DE8}") = "2-Services", "2-Services", "{DB9752D9-E25D-49A5-896D-23A962B1564D}"
EndProject
Project("{2150E333-8FDC-42A3-9474-1A3956D46DE8}") = "3-Domain", "3-Domain", "{156A7620-71DA-4FFF-9829-CD60C7B0AC59}"
EndProject
Project("{2150E333-8FDC-42A3-9474-1A3956D46DE8}") = "4-Infraestructure", "4-Infraestructure", "{203DA2E9-4301-491A-978F-D5FBED813934}"
EndProject
Project("{2150E333-8FDC-42A3-9474-1A3956D46DE8}") = "5-Crosscutting", "5-Crosscutting", "{1678F394-2103-4627-A712-B47A88D80F84}"
EndProject
Project("{2150E333-8FDC-42A3-9474-1A3956D46DE8}") = "Tests", "Tests", "{7032C963-73EA-447B-BA19-02FC548E8F72}"
EndProject
Project("{2150E333-8FDC-42A3-9474-1A3956D46DE8}") = "2.1-Business", "2.1-Business", "{D94EF714-4FAE-4B14-B490-1ED43A222440}"
EndProject
Project("{FAE04EC0-301F-11D3-BF4B-00C04F79EFBC}") = "Hackathon.HealthMed.Services", "Hackathon.HealthMed.Services\Hackathon.HealthMed.Services.csproj", "{90C2FE4A-908B-4320-991B-9985A44B38E0}"
EndProject
Project("{FAE04EC0-301F-11D3-BF4B-00C04F79EFBC}") = "Hackathon.HealthMed.Domain", "Hackathon.HealthMed.Domain\Hackathon.HealthMed.Domain.csproj", "{6BF22553-793A-44F9-88BA-A73D01024EFA}"
EndProject
Project("{2150E333-8FDC-42A3-9474-1A3956D46DE8}") = "4.1-Data", "4.1-Data", "{2703A8F2-1CAF-4E20-B54D-B5C65E248873}"
EndProject
Project("{FAE04EC0-301F-11D3-BF4B-00C04F79EFBC}") = "Hackathon.HealthMed.Infraestructure", "Hackathon.HealthMed.Infraestructure\Hackathon.HealthMed.Infraestructure.csproj", "{9C52DFF8-9776-40DC-9E1A-2817E27D5430}"
EndProject
Project("{2150E333-8FDC-42A3-9474-1A3956D46DE8}") = "5.1-Ioc", "5.1-Ioc", "{8AC2F3FC-C3FE-4BE5-9686-018A256EDE38}"
EndProject
Project("{FAE04EC0-301F-11D3-BF4B-00C04F79EFBC}") = "Hackathon.HealthMed.Crosscutting", "Hackathon.HealthMed.Crosscutting\Hackathon.HealthMed.Crosscutting.csproj", "{4BB84C98-9105-4316-BAC9-5F760F0C1FE2}"
EndProject
Project("{FAE04EC0-301F-11D3-BF4B-00C04F79EFBC}") = "Hackathon.HealthMed.API", "Hackathon.HealthMed.API\Hackathon.HealthMed.API.csproj", "{952A186A-5142-4A3E-AD72-C8A460228CF4}"
EndProject
Global
	GlobalSection(SolutionConfigurationPlatforms) = preSolution
		Debug|Any CPU = Debug|Any CPU
		Release|Any CPU = Release|Any CPU
	EndGlobalSection
	GlobalSection(ProjectConfigurationPlatforms) = postSolution
		{90C2FE4A-908B-4320-991B-9985A44B38E0}.Debug|Any CPU.ActiveCfg = Debug|Any CPU
		{90C2FE4A-908B-4320-991B-9985A44B38E0}.Debug|Any CPU.Build.0 = Debug|Any CPU
		{90C2FE4A-908B-4320-991B-9985A44B38E0}.Release|Any CPU.ActiveCfg = Release|Any CPU
		{90C2FE4A-908B-4320-991B-9985A44B38E0}.Release|Any CPU.Build.0 = Release|Any CPU
		{6BF22553-793A-44F9-88BA-A73D01024EFA}.Debug|Any CPU.ActiveCfg = Debug|Any CPU
		{6BF22553-793A-44F9-88BA-A73D01024EFA}.Debug|Any CPU.Build.0 = Debug|Any CPU
		{6BF22553-793A-44F9-88BA-A73D01024EFA}.Release|Any CPU.ActiveCfg = Release|Any CPU
		{6BF22553-793A-44F9-88BA-A73D01024EFA}.Release|Any CPU.Build.0 = Release|Any CPU
		{9C52DFF8-9776-40DC-9E1A-2817E27D5430}.Debug|Any CPU.ActiveCfg = Debug|Any CPU
		{9C52DFF8-9776-40DC-9E1A-2817E27D5430}.Debug|Any CPU.Build.0 = Debug|Any CPU
		{9C52DFF8-9776-40DC-9E1A-2817E27D5430}.Release|Any CPU.ActiveCfg = Release|Any CPU
		{9C52DFF8-9776-40DC-9E1A-2817E27D5430}.Release|Any CPU.Build.0 = Release|Any CPU
		{4BB84C98-9105-4316-BAC9-5F760F0C1FE2}.Debug|Any CPU.ActiveCfg = Debug|Any CPU
		{4BB84C98-9105-4316-BAC9-5F760F0C1FE2}.Debug|Any CPU.Build.0 = Debug|Any CPU
		{4BB84C98-9105-4316-BAC9-5F760F0C1FE2}.Release|Any CPU.ActiveCfg = Release|Any CPU
		{4BB84C98-9105-4316-BAC9-5F760F0C1FE2}.Release|Any CPU.Build.0 = Release|Any CPU
		{952A186A-5142-4A3E-AD72-C8A460228CF4}.Debug|Any CPU.ActiveCfg = Debug|Any CPU
		{952A186A-5142-4A3E-AD72-C8A460228CF4}.Debug|Any CPU.Build.0 = Debug|Any CPU
		{952A186A-5142-4A3E-AD72-C8A460228CF4}.Release|Any CPU.ActiveCfg = Release|Any CPU
		{952A186A-5142-4A3E-AD72-C8A460228CF4}.Release|Any CPU.Build.0 = Release|Any CPU
	EndGlobalSection
	GlobalSection(SolutionProperties) = preSolution
		HideSolutionNode = FALSE
	EndGlobalSection
	GlobalSection(NestedProjects) = preSolution
		{4565EDFA-4CB3-45CA-BAF0-F487FA5150B6} = {BBD19C24-F07F-42D3-851C-8B91E7B75286}
		{B100D690-0966-4CB3-8040-C416B207A7BA} = {4565EDFA-4CB3-45CA-BAF0-F487FA5150B6}
		{DB9752D9-E25D-49A5-896D-23A962B1564D} = {BBD19C24-F07F-42D3-851C-8B91E7B75286}
		{156A7620-71DA-4FFF-9829-CD60C7B0AC59} = {BBD19C24-F07F-42D3-851C-8B91E7B75286}
		{203DA2E9-4301-491A-978F-D5FBED813934} = {BBD19C24-F07F-42D3-851C-8B91E7B75286}
		{1678F394-2103-4627-A712-B47A88D80F84} = {BBD19C24-F07F-42D3-851C-8B91E7B75286}
		{D94EF714-4FAE-4B14-B490-1ED43A222440} = {DB9752D9-E25D-49A5-896D-23A962B1564D}
		{90C2FE4A-908B-4320-991B-9985A44B38E0} = {D94EF714-4FAE-4B14-B490-1ED43A222440}
		{6BF22553-793A-44F9-88BA-A73D01024EFA} = {156A7620-71DA-4FFF-9829-CD60C7B0AC59}
		{2703A8F2-1CAF-4E20-B54D-B5C65E248873} = {203DA2E9-4301-491A-978F-D5FBED813934}
		{9C52DFF8-9776-40DC-9E1A-2817E27D5430} = {2703A8F2-1CAF-4E20-B54D-B5C65E248873}
		{8AC2F3FC-C3FE-4BE5-9686-018A256EDE38} = {1678F394-2103-4627-A712-B47A88D80F84}
		{4BB84C98-9105-4316-BAC9-5F760F0C1FE2} = {8AC2F3FC-C3FE-4BE5-9686-018A256EDE38}
		{952A186A-5142-4A3E-AD72-C8A460228CF4} = {B100D690-0966-4CB3-8040-C416B207A7BA}
	EndGlobalSection
	GlobalSection(ExtensibilityGlobals) = postSolution
		SolutionGuid = {A9D197E1-55B2-4035-A6ED-3CC412B422B6}
	EndGlobalSection
EndGlobal
